// !$*UTF8*$!
{
	archiveVersion = 1;
	classes = {
	};
	objectVersion = 51;
	objects = {

/* Begin PBXBuildFile section */
		235DB56649BB3E412B4311E3 /* Pods_NewTestDemo.framework in Frameworks */ = {isa = PBXBuildFile; fileRef = 090942FAE29DCDCB667177E2 /* Pods_NewTestDemo.framework */; };
		84E6722526BBDFCA00E7C029 /* AppDelegate.swift in Sources */ = {isa = PBXBuildFile; fileRef = 84E6722426BBDFCA00E7C029 /* AppDelegate.swift */; };
		84E6722726BBDFCA00E7C029 /* SceneDelegate.swift in Sources */ = {isa = PBXBuildFile; fileRef = 84E6722626BBDFCA00E7C029 /* SceneDelegate.swift */; };
		84E6722926BBDFCA00E7C029 /* ViewController.swift in Sources */ = {isa = PBXBuildFile; fileRef = 84E6722826BBDFCA00E7C029 /* ViewController.swift */; };
		84E6722C26BBDFCA00E7C029 /* Main.storyboard in Resources */ = {isa = PBXBuildFile; fileRef = 84E6722A26BBDFCA00E7C029 /* Main.storyboard */; };
		84E6722E26BBDFCF00E7C029 /* Assets.xcassets in Resources */ = {isa = PBXBuildFile; fileRef = 84E6722D26BBDFCF00E7C029 /* Assets.xcassets */; };
		84E6723126BBDFCF00E7C029 /* LaunchScreen.storyboard in Resources */ = {isa = PBXBuildFile; fileRef = 84E6722F26BBDFCF00E7C029 /* LaunchScreen.storyboard */; };
/* End PBXBuildFile section */

/* Begin PBXFileReference section */
		090942FAE29DCDCB667177E2 /* Pods_NewTestDemo.framework */ = {isa = PBXFileReference; explicitFileType = wrapper.framework; includeInIndex = 0; path = Pods_NewTestDemo.framework; sourceTree = BUILT_PRODUCTS_DIR; };
		5EA4FFD3F2F5DBA6F7A9C222 /* Pods-NewTestDemo.release.xcconfig */ = {isa = PBXFileReference; includeInIndex = 1; lastKnownFileType = text.xcconfig; name = "Pods-NewTestDemo.release.xcconfig"; path = "Target Support Files/Pods-NewTestDemo/Pods-NewTestDemo.release.xcconfig"; sourceTree = "<group>"; };
		84E6722126BBDFCA00E7C029 /* NewTestDemo.app */ = {isa = PBXFileReference; explicitFileType = wrapper.application; includeInIndex = 0; path = NewTestDemo.app; sourceTree = BUILT_PRODUCTS_DIR; };
		84E6722426BBDFCA00E7C029 /* AppDelegate.swift */ = {isa = PBXFileReference; lastKnownFileType = sourcecode.swift; path = AppDelegate.swift; sourceTree = "<group>"; };
		84E6722626BBDFCA00E7C029 /* SceneDelegate.swift */ = {isa = PBXFileReference; lastKnownFileType = sourcecode.swift; path = SceneDelegate.swift; sourceTree = "<group>"; };
		84E6722826BBDFCA00E7C029 /* ViewController.swift */ = {isa = PBXFileReference; lastKnownFileType = sourcecode.swift; path = ViewController.swift; sourceTree = "<group>"; };
		84E6722B26BBDFCA00E7C029 /* Base */ = {isa = PBXFileReference; lastKnownFileType = file.storyboard; name = Base; path = Base.lproj/Main.storyboard; sourceTree = "<group>"; };
		84E6722D26BBDFCF00E7C029 /* Assets.xcassets */ = {isa = PBXFileReference; lastKnownFileType = folder.assetcatalog; path = Assets.xcassets; sourceTree = "<group>"; };
		84E6723026BBDFCF00E7C029 /* Base */ = {isa = PBXFileReference; lastKnownFileType = file.storyboard; name = Base; path = Base.lproj/LaunchScreen.storyboard; sourceTree = "<group>"; };
		84E6723226BBDFCF00E7C029 /* Info.plist */ = {isa = PBXFileReference; lastKnownFileType = text.plist.xml; path = Info.plist; sourceTree = "<group>"; };
		955C4CB3536061B450879C4A /* Pods-NewTestDemo.debug.xcconfig */ = {isa = PBXFileReference; includeInIndex = 1; lastKnownFileType = text.xcconfig; name = "Pods-NewTestDemo.debug.xcconfig"; path = "Target Support Files/Pods-NewTestDemo/Pods-NewTestDemo.debug.xcconfig"; sourceTree = "<group>"; };
/* End PBXFileReference section */

/* Begin PBXFrameworksBuildPhase section */
		84E6721E26BBDFCA00E7C029 /* Frameworks */ = {
			isa = PBXFrameworksBuildPhase;
			buildActionMask = 2147483647;
			files = (
				235DB56649BB3E412B4311E3 /* Pods_NewTestDemo.framework in Frameworks */,
			);
			runOnlyForDeploymentPostprocessing = 0;
		};
/* End PBXFrameworksBuildPhase section */

/* Begin PBXGroup section */
		3186AADC661CE2C757B2F334 /* Pods */ = {
			isa = PBXGroup;
			children = (
				955C4CB3536061B450879C4A /* Pods-NewTestDemo.debug.xcconfig */,
				5EA4FFD3F2F5DBA6F7A9C222 /* Pods-NewTestDemo.release.xcconfig */,
			);
			path = Pods;
			sourceTree = "<group>";
		};
		84E6721826BBDFCA00E7C029 = {
			isa = PBXGroup;
			children = (
				84E6722326BBDFCA00E7C029 /* NewTestDemo */,
				84E6722226BBDFCA00E7C029 /* Products */,
				3186AADC661CE2C757B2F334 /* Pods */,
				CA9B08AF470BFDEEB8F8766E /* Frameworks */,
			);
			sourceTree = "<group>";
		};
		84E6722226BBDFCA00E7C029 /* Products */ = {
			isa = PBXGroup;
			children = (
				84E6722126BBDFCA00E7C029 /* NewTestDemo.app */,
			);
			name = Products;
			sourceTree = "<group>";
		};
		84E6722326BBDFCA00E7C029 /* NewTestDemo */ = {
			isa = PBXGroup;
			children = (
				84E6722426BBDFCA00E7C029 /* AppDelegate.swift */,
				84E6722626BBDFCA00E7C029 /* SceneDelegate.swift */,
				84E6722826BBDFCA00E7C029 /* ViewController.swift */,
				84E6722A26BBDFCA00E7C029 /* Main.storyboard */,
				84E6722D26BBDFCF00E7C029 /* Assets.xcassets */,
				84E6722F26BBDFCF00E7C029 /* LaunchScreen.storyboard */,
				84E6723226BBDFCF00E7C029 /* Info.plist */,
			);
			path = NewTestDemo;
			sourceTree = "<group>";
		};
		CA9B08AF470BFDEEB8F8766E /* Frameworks */ = {
			isa = PBXGroup;
			children = (
				090942FAE29DCDCB667177E2 /* Pods_NewTestDemo.framework */,
			);
			name = Frameworks;
			sourceTree = "<group>";
		};
/* End PBXGroup section */

/* Begin PBXNativeTarget section */
		84E6722026BBDFCA00E7C029 /* NewTestDemo */ = {
			isa = PBXNativeTarget;
			buildConfigurationList = 84E6723526BBDFCF00E7C029 /* Build configuration list for PBXNativeTarget "NewTestDemo" */;
			buildPhases = (
				A8E669279263C2B97A8DADC9 /* [CP] Check Pods Manifest.lock */,
				84E6721D26BBDFCA00E7C029 /* Sources */,
				84E6721E26BBDFCA00E7C029 /* Frameworks */,
				84E6721F26BBDFCA00E7C029 /* Resources */,
				352C08BD872F1ED3676A10AA /* [CP] Embed Pods Frameworks */,
			);
			buildRules = (
			);
			dependencies = (
			);
			name = NewTestDemo;
			productName = NewTestDemo;
			productReference = 84E6722126BBDFCA00E7C029 /* NewTestDemo.app */;
			productType = "com.apple.product-type.application";
		};
/* End PBXNativeTarget section */

/* Begin PBXProject section */
		84E6721926BBDFCA00E7C029 /* Project object */ = {
			isa = PBXProject;
			attributes = {
				LastSwiftUpdateCheck = 1240;
				LastUpgradeCheck = 1240;
				TargetAttributes = {
					84E6722026BBDFCA00E7C029 = {
						CreatedOnToolsVersion = 12.4;
					};
				};
			};
			buildConfigurationList = 84E6721C26BBDFCA00E7C029 /* Build configuration list for PBXProject "NewTestDemo" */;
			compatibilityVersion = "Xcode 9.3";
			developmentRegion = en;
			hasScannedForEncodings = 0;
			knownRegions = (
				en,
				Base,
			);
			mainGroup = 84E6721826BBDFCA00E7C029;
			productRefGroup = 84E6722226BBDFCA00E7C029 /* Products */;
			projectDirPath = "";
			projectRoot = "";
			targets = (
				84E6722026BBDFCA00E7C029 /* NewTestDemo */,
			);
		};
/* End PBXProject section */

/* Begin PBXResourcesBuildPhase section */
		84E6721F26BBDFCA00E7C029 /* Resources */ = {
			isa = PBXResourcesBuildPhase;
			buildActionMask = 2147483647;
			files = (
				84E6723126BBDFCF00E7C029 /* LaunchScreen.storyboard in Resources */,
				84E6722E26BBDFCF00E7C029 /* Assets.xcassets in Resources */,
				84E6722C26BBDFCA00E7C029 /* Main.storyboard in Resources */,
			);
			runOnlyForDeploymentPostprocessing = 0;
		};
/* End PBXResourcesBuildPhase section */

/* Begin PBXShellScriptBuildPhase section */
		352C08BD872F1ED3676A10AA /* [CP] Embed Pods Frameworks */ = {
			isa = PBXShellScriptBuildPhase;
			buildActionMask = 2147483647;
			files = (
			);
			inputFileListPaths = (
				"${PODS_ROOT}/Target Support Files/Pods-NewTestDemo/Pods-NewTestDemo-frameworks-${CONFIGURATION}-input-files.xcfilelist",
			);
			name = "[CP] Embed Pods Frameworks";
			outputFileListPaths = (
				"${PODS_ROOT}/Target Support Files/Pods-NewTestDemo/Pods-NewTestDemo-frameworks-${CONFIGURATION}-output-files.xcfilelist",
			);
			runOnlyForDeploymentPostprocessing = 0;
			shellPath = /bin/sh;
			shellScript = "\"${PODS_ROOT}/Target Support Files/Pods-NewTestDemo/Pods-NewTestDemo-frameworks.sh\"\n";
			showEnvVarsInLog = 0;
		};
		A8E669279263C2B97A8DADC9 /* [CP] Check Pods Manifest.lock */ = {
			isa = PBXShellScriptBuildPhase;
			buildActionMask = 2147483647;
			files = (
			);
			inputFileListPaths = (
			);
			inputPaths = (
				"${PODS_PODFILE_DIR_PATH}/Podfile.lock",
				"${PODS_ROOT}/Manifest.lock",
			);
			name = "[CP] Check Pods Manifest.lock";
			outputFileListPaths = (
			);
			outputPaths = (
				"$(DERIVED_FILE_DIR)/Pods-NewTestDemo-checkManifestLockResult.txt",
			);
			runOnlyForDeploymentPostprocessing = 0;
			shellPath = /bin/sh;
			shellScript = "diff \"${PODS_PODFILE_DIR_PATH}/Podfile.lock\" \"${PODS_ROOT}/Manifest.lock\" > /dev/null\nif [ $? != 0 ] ; then\n    # print error to STDERR\n    echo \"error: The sandbox is not in sync with the Podfile.lock. Run 'pod install' or update your CocoaPods installation.\" >&2\n    exit 1\nfi\n# This output is used by Xcode 'outputs' to avoid re-running this script phase.\necho \"SUCCESS\" > \"${SCRIPT_OUTPUT_FILE_0}\"\n";
			showEnvVarsInLog = 0;
		};
/* End PBXShellScriptBuildPhase section */

/* Begin PBXSourcesBuildPhase section */
		84E6721D26BBDFCA00E7C029 /* Sources */ = {
			isa = PBXSourcesBuildPhase;
			buildActionMask = 2147483647;
			files = (
				84E6722926BBDFCA00E7C029 /* ViewController.swift in Sources */,
				84E6722526BBDFCA00E7C029 /* AppDelegate.swift in Sources */,
				84E6722726BBDFCA00E7C029 /* SceneDelegate.swift in Sources */,
			);
			runOnlyForDeploymentPostprocessing = 0;
		};
/* End PBXSourcesBuildPhase section */

/* Begin PBXVariantGroup section */
		84E6722A26BBDFCA00E7C029 /* Main.storyboard */ = {
			isa = PBXVariantGroup;
			children = (
				84E6722B26BBDFCA00E7C029 /* Base */,
			);
			name = Main.storyboard;
			sourceTree = "<group>";
		};
		84E6722F26BBDFCF00E7C029 /* LaunchScreen.storyboard */ = {
			isa = PBXVariantGroup;
			children = (
				84E6723026BBDFCF00E7C029 /* Base */,
			);
			name = LaunchScreen.storyboard;
			sourceTree = "<group>";
		};
/* End PBXVariantGroup section */

/* Begin XCBuildConfiguration section */
		84E6723326BBDFCF00E7C029 /* Debug */ = {
			isa = XCBuildConfiguration;
			buildSettings = {
				ALWAYS_SEARCH_USER_PATHS = NO;
				CLANG_ANALYZER_NONNULL = YES;
				CLANG_ANALYZER_NUMBER_OBJECT_CONVERSION = YES_AGGRESSIVE;
				CLANG_CXX_LANGUAGE_STANDARD = "gnu++14";
				CLANG_CXX_LIBRARY = "libc++";
				CLANG_ENABLE_MODULES = YES;
				CLANG_ENABLE_OBJC_ARC = YES;
				CLANG_ENABLE_OBJC_WEAK = YES;
				CLANG_WARN_BLOCK_CAPTURE_AUTORELEASING = YES;
				CLANG_WARN_BOOL_CONVERSION = YES;
				CLANG_WARN_COMMA = YES;
				CLANG_WARN_CONSTANT_CONVERSION = YES;
				CLANG_WARN_DEPRECATED_OBJC_IMPLEMENTATIONS = YES;
				CLANG_WARN_DIRECT_OBJC_ISA_USAGE = YES_ERROR;
				CLANG_WARN_DOCUMENTATION_COMMENTS = YES;
				CLANG_WARN_EMPTY_BODY = YES;
				CLANG_WARN_ENUM_CONVERSION = YES;
				CLANG_WARN_INFINITE_RECURSION = YES;
				CLANG_WARN_INT_CONVERSION = YES;
				CLANG_WARN_NON_LITERAL_NULL_CONVERSION = YES;
				CLANG_WARN_OBJC_IMPLICIT_RETAIN_SELF = YES;
				CLANG_WARN_OBJC_LITERAL_CONVERSION = YES;
				CLANG_WARN_OBJC_ROOT_CLASS = YES_ERROR;
				CLANG_WARN_QUOTED_INCLUDE_IN_FRAMEWORK_HEADER = YES;
				CLANG_WARN_RANGE_LOOP_ANALYSIS = YES;
				CLANG_WARN_STRICT_PROTOTYPES = YES;
				CLANG_WARN_SUSPICIOUS_MOVE = YES;
				CLANG_WARN_UNGUARDED_AVAILABILITY = YES_AGGRESSIVE;
				CLANG_WARN_UNREACHABLE_CODE = YES;
				CLANG_WARN__DUPLICATE_METHOD_MATCH = YES;
				COPY_PHASE_STRIP = NO;
				DEBUG_INFORMATION_FORMAT = dwarf;
				ENABLE_STRICT_OBJC_MSGSEND = YES;
				ENABLE_TESTABILITY = YES;
				GCC_C_LANGUAGE_STANDARD = gnu11;
				GCC_DYNAMIC_NO_PIC = NO;
				GCC_NO_COMMON_BLOCKS = YES;
				GCC_OPTIMIZATION_LEVEL = 0;
				GCC_PREPROCESSOR_DEFINITIONS = (
					"DEBUG=1",
					"$(inherited)",
				);
				GCC_WARN_64_TO_32_BIT_CONVERSION = YES;
				GCC_WARN_ABOUT_RETURN_TYPE = YES_ERROR;
				GCC_WARN_UNDECLARED_SELECTOR = YES;
				GCC_WARN_UNINITIALIZED_AUTOS = YES_AGGRESSIVE;
				GCC_WARN_UNUSED_FUNCTION = YES;
				GCC_WARN_UNUSED_VARIABLE = YES;
				IPHONEOS_DEPLOYMENT_TARGET = 14.4;
				MTL_ENABLE_DEBUG_INFO = INCLUDE_SOURCE;
				MTL_FAST_MATH = YES;
				ONLY_ACTIVE_ARCH = YES;
				SDKROOT = iphoneos;
				SWIFT_ACTIVE_COMPILATION_CONDITIONS = DEBUG;
				SWIFT_OPTIMIZATION_LEVEL = "-Onone";
			};
			name = Debug;
		};
		84E6723426BBDFCF00E7C029 /* Release */ = {
			isa = XCBuildConfiguration;
			buildSettings = {
				ALWAYS_SEARCH_USER_PATHS = NO;
				CLANG_ANALYZER_NONNULL = YES;
				CLANG_ANALYZER_NUMBER_OBJECT_CONVERSION = YES_AGGRESSIVE;
				CLANG_CXX_LANGUAGE_STANDARD = "gnu++14";
				CLANG_CXX_LIBRARY = "libc++";
				CLANG_ENABLE_MODULES = YES;
				CLANG_ENABLE_OBJC_ARC = YES;
				CLANG_ENABLE_OBJC_WEAK = YES;
				CLANG_WARN_BLOCK_CAPTURE_AUTORELEASING = YES;
				CLANG_WARN_BOOL_CONVERSION = YES;
				CLANG_WARN_COMMA = YES;
				CLANG_WARN_CONSTANT_CONVERSION = YES;
				CLANG_WARN_DEPRECATED_OBJC_IMPLEMENTATIONS = YES;
				CLANG_WARN_DIRECT_OBJC_ISA_USAGE = YES_ERROR;
				CLANG_WARN_DOCUMENTATION_COMMENTS = YES;
				CLANG_WARN_EMPTY_BODY = YES;
				CLANG_WARN_ENUM_CONVERSION = YES;
				CLANG_WARN_INFINITE_RECURSION = YES;
				CLANG_WARN_INT_CONVERSION = YES;
				CLANG_WARN_NON_LITERAL_NULL_CONVERSION = YES;
				CLANG_WARN_OBJC_IMPLICIT_RETAIN_SELF = YES;
				CLANG_WARN_OBJC_LITERAL_CONVERSION = YES;
				CLANG_WARN_OBJC_ROOT_CLASS = YES_ERROR;
				CLANG_WARN_QUOTED_INCLUDE_IN_FRAMEWORK_HEADER = YES;
				CLANG_WARN_RANGE_LOOP_ANALYSIS = YES;
				CLANG_WARN_STRICT_PROTOTYPES = YES;
				CLANG_WARN_SUSPICIOUS_MOVE = YES;
				CLANG_WARN_UNGUARDED_AVAILABILITY = YES_AGGRESSIVE;
				CLANG_WARN_UNREACHABLE_CODE = YES;
				CLANG_WARN__DUPLICATE_METHOD_MATCH = YES;
				COPY_PHASE_STRIP = NO;
				DEBUG_INFORMATION_FORMAT = "dwarf-with-dsym";
				ENABLE_NS_ASSERTIONS = NO;
				ENABLE_STRICT_OBJC_MSGSEND = YES;
				GCC_C_LANGUAGE_STANDARD = gnu11;
				GCC_NO_COMMON_BLOCKS = YES;
				GCC_WARN_64_TO_32_BIT_CONVERSION = YES;
				GCC_WARN_ABOUT_RETURN_TYPE = YES_ERROR;
				GCC_WARN_UNDECLARED_SELECTOR = YES;
				GCC_WARN_UNINITIALIZED_AUTOS = YES_AGGRESSIVE;
				GCC_WARN_UNUSED_FUNCTION = YES;
				GCC_WARN_UNUSED_VARIABLE = YES;
				IPHONEOS_DEPLOYMENT_TARGET = 14.4;
				MTL_ENABLE_DEBUG_INFO = NO;
				MTL_FAST_MATH = YES;
				SDKROOT = iphoneos;
				SWIFT_COMPILATION_MODE = wholemodule;
				SWIFT_OPTIMIZATION_LEVEL = "-O";
				VALIDATE_PRODUCT = YES;
			};
			name = Release;
		};
		84E6723626BBDFCF00E7C029 /* Debug */ = {
			isa = XCBuildConfiguration;
			baseConfigurationReference = 955C4CB3536061B450879C4A /* Pods-NewTestDemo.debug.xcconfig */;
			buildSettings = {
				ASSETCATALOG_COMPILER_APPICON_NAME = AppIcon;
				ASSETCATALOG_COMPILER_GLOBAL_ACCENT_COLOR_NAME = AccentColor;
				CODE_SIGN_STYLE = Automatic;
				DEVELOPMENT_TEAM = JANX63L4LB;
				INFOPLIST_FILE = NewTestDemo/Info.plist;
				IPHONEOS_DEPLOYMENT_TARGET = 12.1;
				LD_RUNPATH_SEARCH_PATHS = (
					"$(inherited)",
					"@executable_path/Frameworks",
				);
				PRODUCT_BUNDLE_IDENTIFIER = com.ncpl.NewTestDemo;
				PRODUCT_NAME = "$(TARGET_NAME)";
				SWIFT_VERSION = 5.0;
				TARGETED_DEVICE_FAMILY = "1,2";
			};
			name = Debug;
		};
		84E6723726BBDFCF00E7C029 /* Release */ = {
			isa = XCBuildConfiguration;
			baseConfigurationReference = 5EA4FFD3F2F5DBA6F7A9C222 /* Pods-NewTestDemo.release.xcconfig */;
			buildSettings = {
				ASSETCATALOG_COMPILER_APPICON_NAME = AppIcon;
				ASSETCATALOG_COMPILER_GLOBAL_ACCENT_COLOR_NAME = AccentColor;
				CODE_SIGN_STYLE = Automatic;
				DEVELOPMENT_TEAM = JANX63L4LB;
				INFOPLIST_FILE = NewTestDemo/Info.plist;
				IPHONEOS_DEPLOYMENT_TARGET = 12.1;
				LD_RUNPATH_SEARCH_PATHS = (
					"$(inherited)",
					"@executable_path/Frameworks",
				);
				PRODUCT_BUNDLE_IDENTIFIER = com.ncpl.NewTestDemo;
				PRODUCT_NAME = "$(TARGET_NAME)";
				SWIFT_VERSION = 5.0;
				TARGETED_DEVICE_FAMILY = "1,2";
			};
			name = Release;
		};
/* End XCBuildConfiguration section */

/* Begin XCConfigurationList section */
		84E6721C26BBDFCA00E7C029 /* Build configuration list for PBXProject "NewTestDemo" */ = {
			isa = XCConfigurationList;
			buildConfigurations = (
				84E6723326BBDFCF00E7C029 /* Debug */,
				84E6723426BBDFCF00E7C029 /* Release */,
			);
			defaultConfigurationIsVisible = 0;
			defaultConfigurationName = Release;
		};
		84E6723526BBDFCF00E7C029 /* Build configuration list for PBXNativeTarget "NewTestDemo" */ = {
			isa = XCConfigurationList;
			buildConfigurations = (
				84E6723626BBDFCF00E7C029 /* Debug */,
				84E6723726BBDFCF00E7C029 /* Release */,
			);
			defaultConfigurationIsVisible = 0;
			defaultConfigurationName = Release;
		};
/* End XCConfigurationList section */
	};
	rootObject = 84E6721926BBDFCA00E7C029 /* Project object */;
}
